
Microsoft Visual Studio Solution File, Format Version 12.00
# Visual Studio 14
VisualStudioVersion = 14.0.25123.0
MinimumVisualStudioVersion = 10.0.40219.1
Project("{8BB2217D-0F2D-49D1-97BC-3654ED321F3B}") = "LolSharp", "src\LolSharp\LolSharp.xproj", "{0CD1BAFC-88BA-4E16-8475-AB19A61D82F4}"
EndProject
Project("{2150E333-8FDC-42A3-9474-1A3956D46DE8}") = "Solution Items", "Solution Items", "{ECAADD12-0EB6-41BE-9BB4-90CC4BD1D8AE}"
	ProjectSection(SolutionItems) = preProject
		global.json = global.json
		LICENSE.md = LICENSE.md
		README.md = README.md
	EndProjectSection
EndProject
Global
	GlobalSection(SolutionConfigurationPlatforms) = preSolution
		Debug|Any CPU = Debug|Any CPU
		Release|Any CPU = Release|Any CPU
	EndGlobalSection
	GlobalSection(ProjectConfigurationPlatforms) = postSolution
		{0CD1BAFC-88BA-4E16-8475-AB19A61D82F4}.Debug|Any CPU.ActiveCfg = Debug|Any CPU
		{0CD1BAFC-88BA-4E16-8475-AB19A61D82F4}.Debug|Any CPU.Build.0 = Debug|Any CPU
		{0CD1BAFC-88BA-4E16-8475-AB19A61D82F4}.Release|Any CPU.ActiveCfg = Release|Any CPU
		{0CD1BAFC-88BA-4E16-8475-AB19A61D82F4}.Release|Any CPU.Build.0 = Release|Any CPU
	EndGlobalSection
	GlobalSection(SolutionProperties) = preSolution
		HideSolutionNode = FALSE
	EndGlobalSection
EndGlobal
